
Microsoft Visual Studio Solution File, Format Version 12.00
# Visual Studio 2012
Project("{8BC9CEB8-8B4A-11D0-8D11-00A0C91BC942}") = "Capture", "Capture\Capture.vcxproj", "{DB875634-33BC-416F-BE0C-FA9A5BAF0EAC}"
EndProject
Global
	GlobalSection(SolutionConfigurationPlatforms) = preSolution
		Debug|Win32 = Debug|Win32
		Release|Win32 = Release|Win32
	EndGlobalSection
	GlobalSection(ProjectConfigurationPlatforms) = postSolution
		{DB875634-33BC-416F-BE0C-FA9A5BAF0EAC}.Debug|Win32.ActiveCfg = Debug|Win32
		{DB875634-33BC-416F-BE0C-FA9A5BAF0EAC}.Debug|Win32.Build.0 = Debug|Win32
		{DB875634-33BC-416F-BE0C-FA9A5BAF0EAC}.Release|Win32.ActiveCfg = Release|Win32
		{DB875634-33BC-416F-BE0C-FA9A5BAF0EAC}.Release|Win32.Build.0 = Release|Win32
	EndGlobalSection
	GlobalSection(SolutionProperties) = preSolution
		HideSolutionNode = FALSE
	EndGlobalSection
EndGlobal
